
Microsoft Visual Studio Solution File, Format Version 12.00
# Visual Studio Version 17
VisualStudioVersion = 17.9.34728.123
MinimumVisualStudioVersion = 10.0.40219.1
Project("{8BC9CEB8-8B4A-11D0-8D11-00A0C91BC942}") = "sequence-matching-Dijkstra", "sequence-matching-Dijkstra\sequence-matching-Dijkstra.vcxproj", "{D7ACD5B7-33C7-4143-9B21-2100FB1C4DF0}"
EndProject
Global
	GlobalSection(SolutionConfigurationPlatforms) = preSolution
		Debug|x64 = Debug|x64
		Debug|x86 = Debug|x86
		Release|x64 = Release|x64
		Release|x86 = Release|x86
	EndGlobalSection
	GlobalSection(ProjectConfigurationPlatforms) = postSolution
		{D7ACD5B7-33C7-4143-9B21-2100FB1C4DF0}.Debug|x64.ActiveCfg = Debug|x64
		{D7ACD5B7-33C7-4143-9B21-2100FB1C4DF0}.Debug|x64.Build.0 = Debug|x64
		{D7ACD5B7-33C7-4143-9B21-2100FB1C4DF0}.Debug|x86.ActiveCfg = Debug|Win32
		{D7ACD5B7-33C7-4143-9B21-2100FB1C4DF0}.Debug|x86.Build.0 = Debug|Win32
		{D7ACD5B7-33C7-4143-9B21-2100FB1C4DF0}.Release|x64.ActiveCfg = Release|x64
		{D7ACD5B7-33C7-4143-9B21-2100FB1C4DF0}.Release|x64.Build.0 = Release|x64
		{D7ACD5B7-33C7-4143-9B21-2100FB1C4DF0}.Release|x86.ActiveCfg = Release|Win32
		{D7ACD5B7-33C7-4143-9B21-2100FB1C4DF0}.Release|x86.Build.0 = Release|Win32
	EndGlobalSection
	GlobalSection(SolutionProperties) = preSolution
		HideSolutionNode = FALSE
	EndGlobalSection
	GlobalSection(ExtensibilityGlobals) = postSolution
		SolutionGuid = {ABF89C26-0494-440A-8E29-87C1D3488F03}
	EndGlobalSection
EndGlobal
